
Microsoft Visual Studio Solution File, Format Version 12.00
# Visual Studio Version 16
VisualStudioVersion = 16.0.30717.126
MinimumVisualStudioVersion = 10.0.40219.1
Project("{FAE04EC0-301F-11D3-BF4B-00C04F79EFBC}") = "PatronInstanciaUnica_Ejemplo", "PatronInstanciaUnica_Ejemplo.csproj", "{2CB0DD6B-0B35-4C2D-9623-B3F0E42CD8E7}"
EndProject
Global
	GlobalSection(SolutionConfigurationPlatforms) = preSolution
		Debug|Any CPU = Debug|Any CPU
		Release|Any CPU = Release|Any CPU
	EndGlobalSection
	GlobalSection(ProjectConfigurationPlatforms) = postSolution
		{2CB0DD6B-0B35-4C2D-9623-B3F0E42CD8E7}.Debug|Any CPU.ActiveCfg = Debug|Any CPU
		{2CB0DD6B-0B35-4C2D-9623-B3F0E42CD8E7}.Debug|Any CPU.Build.0 = Debug|Any CPU
		{2CB0DD6B-0B35-4C2D-9623-B3F0E42CD8E7}.Release|Any CPU.ActiveCfg = Release|Any CPU
		{2CB0DD6B-0B35-4C2D-9623-B3F0E42CD8E7}.Release|Any CPU.Build.0 = Release|Any CPU
	EndGlobalSection
	GlobalSection(SolutionProperties) = preSolution
		HideSolutionNode = FALSE
	EndGlobalSection
	GlobalSection(ExtensibilityGlobals) = postSolution
		SolutionGuid = {1687DB44-1250-4C93-B418-53E661E39CB1}
	EndGlobalSection
EndGlobal
